
Microsoft Visual Studio Solution File, Format Version 12.00
# Visual Studio Version 17
VisualStudioVersion = 17.10.34928.147
MinimumVisualStudioVersion = 10.0.40219.1
Project("{FAE04EC0-301F-11D3-BF4B-00C04F79EFBC}") = "Lab2 anmmt", "Lab2 anmmt\Lab2 anmmt.csproj", "{EC886261-D4D2-48E3-872D-E7205D151260}"
EndProject
Global
	GlobalSection(SolutionConfigurationPlatforms) = preSolution
		Debug|Any CPU = Debug|Any CPU
		Release|Any CPU = Release|Any CPU
	EndGlobalSection
	GlobalSection(ProjectConfigurationPlatforms) = postSolution
		{EC886261-D4D2-48E3-872D-E7205D151260}.Debug|Any CPU.ActiveCfg = Debug|Any CPU
		{EC886261-D4D2-48E3-872D-E7205D151260}.Debug|Any CPU.Build.0 = Debug|Any CPU
		{EC886261-D4D2-48E3-872D-E7205D151260}.Release|Any CPU.ActiveCfg = Release|Any CPU
		{EC886261-D4D2-48E3-872D-E7205D151260}.Release|Any CPU.Build.0 = Release|Any CPU
	EndGlobalSection
	GlobalSection(SolutionProperties) = preSolution
		HideSolutionNode = FALSE
	EndGlobalSection
	GlobalSection(ExtensibilityGlobals) = postSolution
		SolutionGuid = {F06B691B-DC7F-42B5-8414-6E3EE04C0E8D}
	EndGlobalSection
EndGlobal
